// !$*UTF8*$!
{
	archiveVersion = 1;
	classes = {
	};
	objectVersion = 56;
	objects = {

/* Begin PBXBuildFile section */
		51399BCE2C64E26800718610 /* ExpenseTrackerApp.swift in Sources */ = {isa = PBXBuildFile; fileRef = 51399BCD2C64E26800718610 /* ExpenseTrackerApp.swift */; };
		51399BD02C64E26800718610 /* ContentView.swift in Sources */ = {isa = PBXBuildFile; fileRef = 51399BCF2C64E26800718610 /* ContentView.swift */; };
		51399BD22C64E26A00718610 /* Assets.xcassets in Resources */ = {isa = PBXBuildFile; fileRef = 51399BD12C64E26A00718610 /* Assets.xcassets */; };
		51399BD52C64E26A00718610 /* Preview Assets.xcassets in Resources */ = {isa = PBXBuildFile; fileRef = 51399BD42C64E26A00718610 /* Preview Assets.xcassets */; };
		51399BDC2C64E34900718610 /* Expense.swift in Sources */ = {isa = PBXBuildFile; fileRef = 51399BDB2C64E34900718610 /* Expense.swift */; };
		51399BDE2C64E4AA00718610 /* ExpenseEditView.swift in Sources */ = {isa = PBXBuildFile; fileRef = 51399BDD2C64E4AA00718610 /* ExpenseEditView.swift */; };
		51399BED2C66174C00718610 /* ExpensesView.swift in Sources */ = {isa = PBXBuildFile; fileRef = 51399BEC2C66174C00718610 /* ExpensesView.swift */; };
		51399BF12C66629F00718610 /* DateSelectionView.swift in Sources */ = {isa = PBXBuildFile; fileRef = 51399BF02C66629F00718610 /* DateSelectionView.swift */; };
		51399BF42C66DB9400718610 /* AppStorageDate.swift in Sources */ = {isa = PBXBuildFile; fileRef = 51399BF32C66DB9400718610 /* AppStorageDate.swift */; };
		51399BF72C66DC7D00718610 /* TrackingView.swift in Sources */ = {isa = PBXBuildFile; fileRef = 51399BF62C66DC7D00718610 /* TrackingView.swift */; };
		51399BF92C66E15900718610 /* TrackerOfItems.swift in Sources */ = {isa = PBXBuildFile; fileRef = 51399BF82C66E15900718610 /* TrackerOfItems.swift */; };
		51399BFD2C676ECD00718610 /* TOIEditView.swift in Sources */ = {isa = PBXBuildFile; fileRef = 51399BFC2C676ECD00718610 /* TOIEditView.swift */; };
		51399BFF2C6792E300718610 /* Tracking.swift in Sources */ = {isa = PBXBuildFile; fileRef = 51399BFE2C6792E300718610 /* Tracking.swift */; };
		51399C012C6793BE00718610 /* TrackerOfTrackers.swift in Sources */ = {isa = PBXBuildFile; fileRef = 51399C002C6793BE00718610 /* TrackerOfTrackers.swift */; };
		51399C032C67940300718610 /* Tracker.swift in Sources */ = {isa = PBXBuildFile; fileRef = 51399C022C67940300718610 /* Tracker.swift */; };
		51399C052C67AF3A00718610 /* TOTEditView.swift in Sources */ = {isa = PBXBuildFile; fileRef = 51399C042C67AF3A00718610 /* TOTEditView.swift */; };
		51399C232C68ACBA00718610 /* ComparisonView.swift in Sources */ = {isa = PBXBuildFile; fileRef = 51399C222C68ACBA00718610 /* ComparisonView.swift */; };
		51399C292C6A0D5200718610 /* ExportView.swift in Sources */ = {isa = PBXBuildFile; fileRef = 51399C282C6A0D5200718610 /* ExportView.swift */; };
		51399C2B2C6A275600718610 /* PurgeView.swift in Sources */ = {isa = PBXBuildFile; fileRef = 51399C2A2C6A275600718610 /* PurgeView.swift */; };
		51399C2E2C6A3C0800718610 /* Formatter.swift in Sources */ = {isa = PBXBuildFile; fileRef = 51399C2D2C6A3C0800718610 /* Formatter.swift */; };
/* End PBXBuildFile section */

/* Begin PBXFileReference section */
		51399BCA2C64E26800718610 /* ExpenseTracker.app */ = {isa = PBXFileReference; explicitFileType = wrapper.application; includeInIndex = 0; path = ExpenseTracker.app; sourceTree = BUILT_PRODUCTS_DIR; };
		51399BCD2C64E26800718610 /* ExpenseTrackerApp.swift */ = {isa = PBXFileReference; lastKnownFileType = sourcecode.swift; path = ExpenseTrackerApp.swift; sourceTree = "<group>"; };
		51399BCF2C64E26800718610 /* ContentView.swift */ = {isa = PBXFileReference; lastKnownFileType = sourcecode.swift; path = ContentView.swift; sourceTree = "<group>"; };
		51399BD12C64E26A00718610 /* Assets.xcassets */ = {isa = PBXFileReference; lastKnownFileType = folder.assetcatalog; path = Assets.xcassets; sourceTree = "<group>"; };
		51399BD42C64E26A00718610 /* Preview Assets.xcassets */ = {isa = PBXFileReference; lastKnownFileType = folder.assetcatalog; path = "Preview Assets.xcassets"; sourceTree = "<group>"; };
		51399BDB2C64E34900718610 /* Expense.swift */ = {isa = PBXFileReference; lastKnownFileType = sourcecode.swift; path = Expense.swift; sourceTree = "<group>"; };
		51399BDD2C64E4AA00718610 /* ExpenseEditView.swift */ = {isa = PBXFileReference; lastKnownFileType = sourcecode.swift; path = ExpenseEditView.swift; sourceTree = "<group>"; };
		51399BEC2C66174C00718610 /* ExpensesView.swift */ = {isa = PBXFileReference; lastKnownFileType = sourcecode.swift; path = ExpensesView.swift; sourceTree = "<group>"; };
		51399BF02C66629F00718610 /* DateSelectionView.swift */ = {isa = PBXFileReference; lastKnownFileType = sourcecode.swift; path = DateSelectionView.swift; sourceTree = "<group>"; };
		51399BF32C66DB9400718610 /* AppStorageDate.swift */ = {isa = PBXFileReference; lastKnownFileType = sourcecode.swift; path = AppStorageDate.swift; sourceTree = "<group>"; };
		51399BF62C66DC7D00718610 /* TrackingView.swift */ = {isa = PBXFileReference; lastKnownFileType = sourcecode.swift; path = TrackingView.swift; sourceTree = "<group>"; };
		51399BF82C66E15900718610 /* TrackerOfItems.swift */ = {isa = PBXFileReference; lastKnownFileType = sourcecode.swift; path = TrackerOfItems.swift; sourceTree = "<group>"; };
		51399BFC2C676ECD00718610 /* TOIEditView.swift */ = {isa = PBXFileReference; lastKnownFileType = sourcecode.swift; path = TOIEditView.swift; sourceTree = "<group>"; };
		51399BFE2C6792E300718610 /* Tracking.swift */ = {isa = PBXFileReference; lastKnownFileType = sourcecode.swift; path = Tracking.swift; sourceTree = "<group>"; };
		51399C002C6793BE00718610 /* TrackerOfTrackers.swift */ = {isa = PBXFileReference; lastKnownFileType = sourcecode.swift; path = TrackerOfTrackers.swift; sourceTree = "<group>"; };
		51399C022C67940300718610 /* Tracker.swift */ = {isa = PBXFileReference; lastKnownFileType = sourcecode.swift; path = Tracker.swift; sourceTree = "<group>"; };
		51399C042C67AF3A00718610 /* TOTEditView.swift */ = {isa = PBXFileReference; lastKnownFileType = sourcecode.swift; path = TOTEditView.swift; sourceTree = "<group>"; };
		51399C222C68ACBA00718610 /* ComparisonView.swift */ = {isa = PBXFileReference; lastKnownFileType = sourcecode.swift; path = ComparisonView.swift; sourceTree = "<group>"; };
		51399C282C6A0D5200718610 /* ExportView.swift */ = {isa = PBXFileReference; lastKnownFileType = sourcecode.swift; path = ExportView.swift; sourceTree = "<group>"; };
		51399C2A2C6A275600718610 /* PurgeView.swift */ = {isa = PBXFileReference; lastKnownFileType = sourcecode.swift; path = PurgeView.swift; sourceTree = "<group>"; };
		51399C2D2C6A3C0800718610 /* Formatter.swift */ = {isa = PBXFileReference; lastKnownFileType = sourcecode.swift; path = Formatter.swift; sourceTree = "<group>"; };
/* End PBXFileReference section */

/* Begin PBXFrameworksBuildPhase section */
		51399BC72C64E26800718610 /* Frameworks */ = {
			isa = PBXFrameworksBuildPhase;
			buildActionMask = 2147483647;
			files = (
			);
			runOnlyForDeploymentPostprocessing = 0;
		};
/* End PBXFrameworksBuildPhase section */

/* Begin PBXGroup section */
		51399BC12C64E26800718610 = {
			isa = PBXGroup;
			children = (
				51399BCC2C64E26800718610 /* ExpenseTracker */,
				51399BCB2C64E26800718610 /* Products */,
			);
			sourceTree = "<group>";
		};
		51399BCB2C64E26800718610 /* Products */ = {
			isa = PBXGroup;
			children = (
				51399BCA2C64E26800718610 /* ExpenseTracker.app */,
			);
			name = Products;
			sourceTree = "<group>";
		};
		51399BCC2C64E26800718610 /* ExpenseTracker */ = {
			isa = PBXGroup;
			children = (
				51399BCD2C64E26800718610 /* ExpenseTrackerApp.swift */,
				51399BDB2C64E34900718610 /* Expense.swift */,
				51399BF22C669FA300718610 /* Main */,
				51399BF52C66DC6900718610 /* Trackers */,
				51399C222C68ACBA00718610 /* ComparisonView.swift */,
				51399C282C6A0D5200718610 /* ExportView.swift */,
				51399C2A2C6A275600718610 /* PurgeView.swift */,
				51399C2C2C6A3BE900718610 /* Extensions */,
				51399BD12C64E26A00718610 /* Assets.xcassets */,
				51399BD32C64E26A00718610 /* Preview Content */,
			);
			path = ExpenseTracker;
			sourceTree = "<group>";
		};
		51399BD32C64E26A00718610 /* Preview Content */ = {
			isa = PBXGroup;
			children = (
				51399BD42C64E26A00718610 /* Preview Assets.xcassets */,
			);
			path = "Preview Content";
			sourceTree = "<group>";
		};
		51399BF22C669FA300718610 /* Main */ = {
			isa = PBXGroup;
			children = (
				51399BCF2C64E26800718610 /* ContentView.swift */,
				51399BEC2C66174C00718610 /* ExpensesView.swift */,
				51399BF02C66629F00718610 /* DateSelectionView.swift */,
				51399BDD2C64E4AA00718610 /* ExpenseEditView.swift */,
			);
			path = Main;
			sourceTree = "<group>";
		};
		51399BF52C66DC6900718610 /* Trackers */ = {
			isa = PBXGroup;
			children = (
				51399C022C67940300718610 /* Tracker.swift */,
				51399BF82C66E15900718610 /* TrackerOfItems.swift */,
				51399C002C6793BE00718610 /* TrackerOfTrackers.swift */,
				51399BFE2C6792E300718610 /* Tracking.swift */,
				51399BF62C66DC7D00718610 /* TrackingView.swift */,
				51399BFC2C676ECD00718610 /* TOIEditView.swift */,
				51399C042C67AF3A00718610 /* TOTEditView.swift */,
			);
			path = Trackers;
			sourceTree = "<group>";
		};
		51399C2C2C6A3BE900718610 /* Extensions */ = {
			isa = PBXGroup;
			children = (
				51399BF32C66DB9400718610 /* AppStorageDate.swift */,
				51399C2D2C6A3C0800718610 /* Formatter.swift */,
			);
			path = Extensions;
			sourceTree = "<group>";
		};
/* End PBXGroup section */

/* Begin PBXNativeTarget section */
		51399BC92C64E26800718610 /* ExpenseTracker */ = {
			isa = PBXNativeTarget;
			buildConfigurationList = 51399BD82C64E26A00718610 /* Build configuration list for PBXNativeTarget "ExpenseTracker" */;
			buildPhases = (
				51399BC62C64E26800718610 /* Sources */,
				51399BC72C64E26800718610 /* Frameworks */,
				51399BC82C64E26800718610 /* Resources */,
			);
			buildRules = (
			);
			dependencies = (
			);
			name = ExpenseTracker;
			productName = ExpenseTracker;
			productReference = 51399BCA2C64E26800718610 /* ExpenseTracker.app */;
			productType = "com.apple.product-type.application";
		};
/* End PBXNativeTarget section */

/* Begin PBXProject section */
		51399BC22C64E26800718610 /* Project object */ = {
			isa = PBXProject;
			attributes = {
				BuildIndependentTargetsInParallel = 1;
				LastSwiftUpdateCheck = 1540;
				LastUpgradeCheck = 1540;
				TargetAttributes = {
					51399BC92C64E26800718610 = {
						CreatedOnToolsVersion = 15.4;
					};
				};
			};
			buildConfigurationList = 51399BC52C64E26800718610 /* Build configuration list for PBXProject "ExpenseTracker" */;
			compatibilityVersion = "Xcode 14.0";
			developmentRegion = en;
			hasScannedForEncodings = 0;
			knownRegions = (
				en,
				Base,
			);
			mainGroup = 51399BC12C64E26800718610;
			productRefGroup = 51399BCB2C64E26800718610 /* Products */;
			projectDirPath = "";
			projectRoot = "";
			targets = (
				51399BC92C64E26800718610 /* ExpenseTracker */,
			);
		};
/* End PBXProject section */

/* Begin PBXResourcesBuildPhase section */
		51399BC82C64E26800718610 /* Resources */ = {
			isa = PBXResourcesBuildPhase;
			buildActionMask = 2147483647;
			files = (
				51399BD52C64E26A00718610 /* Preview Assets.xcassets in Resources */,
				51399BD22C64E26A00718610 /* Assets.xcassets in Resources */,
			);
			runOnlyForDeploymentPostprocessing = 0;
		};
/* End PBXResourcesBuildPhase section */

/* Begin PBXSourcesBuildPhase section */
		51399BC62C64E26800718610 /* Sources */ = {
			isa = PBXSourcesBuildPhase;
			buildActionMask = 2147483647;
			files = (
				51399BDC2C64E34900718610 /* Expense.swift in Sources */,
				51399C032C67940300718610 /* Tracker.swift in Sources */,
				51399BFF2C6792E300718610 /* Tracking.swift in Sources */,
				51399BF12C66629F00718610 /* DateSelectionView.swift in Sources */,
				51399C052C67AF3A00718610 /* TOTEditView.swift in Sources */,
				51399BDE2C64E4AA00718610 /* ExpenseEditView.swift in Sources */,
				51399BF92C66E15900718610 /* TrackerOfItems.swift in Sources */,
				51399C232C68ACBA00718610 /* ComparisonView.swift in Sources */,
				51399C292C6A0D5200718610 /* ExportView.swift in Sources */,
				51399C2B2C6A275600718610 /* PurgeView.swift in Sources */,
				51399BF72C66DC7D00718610 /* TrackingView.swift in Sources */,
				51399C012C6793BE00718610 /* TrackerOfTrackers.swift in Sources */,
				51399C2E2C6A3C0800718610 /* Formatter.swift in Sources */,
				51399BFD2C676ECD00718610 /* TOIEditView.swift in Sources */,
				51399BD02C64E26800718610 /* ContentView.swift in Sources */,
				51399BED2C66174C00718610 /* ExpensesView.swift in Sources */,
				51399BF42C66DB9400718610 /* AppStorageDate.swift in Sources */,
				51399BCE2C64E26800718610 /* ExpenseTrackerApp.swift in Sources */,
			);
			runOnlyForDeploymentPostprocessing = 0;
		};
/* End PBXSourcesBuildPhase section */

/* Begin XCBuildConfiguration section */
		51399BD62C64E26A00718610 /* Debug */ = {
			isa = XCBuildConfiguration;
			buildSettings = {
				ALWAYS_SEARCH_USER_PATHS = NO;
				ASSETCATALOG_COMPILER_GENERATE_SWIFT_ASSET_SYMBOL_EXTENSIONS = YES;
				CLANG_ANALYZER_NONNULL = YES;
				CLANG_ANALYZER_NUMBER_OBJECT_CONVERSION = YES_AGGRESSIVE;
				CLANG_CXX_LANGUAGE_STANDARD = "gnu++20";
				CLANG_ENABLE_MODULES = YES;
				CLANG_ENABLE_OBJC_ARC = YES;
				CLANG_ENABLE_OBJC_WEAK = YES;
				CLANG_WARN_BLOCK_CAPTURE_AUTORELEASING = YES;
				CLANG_WARN_BOOL_CONVERSION = YES;
				CLANG_WARN_COMMA = YES;
				CLANG_WARN_CONSTANT_CONVERSION = YES;
				CLANG_WARN_DEPRECATED_OBJC_IMPLEMENTATIONS = YES;
				CLANG_WARN_DIRECT_OBJC_ISA_USAGE = YES_ERROR;
				CLANG_WARN_DOCUMENTATION_COMMENTS = YES;
				CLANG_WARN_EMPTY_BODY = YES;
				CLANG_WARN_ENUM_CONVERSION = YES;
				CLANG_WARN_INFINITE_RECURSION = YES;
				CLANG_WARN_INT_CONVERSION = YES;
				CLANG_WARN_NON_LITERAL_NULL_CONVERSION = YES;
				CLANG_WARN_OBJC_IMPLICIT_RETAIN_SELF = YES;
				CLANG_WARN_OBJC_LITERAL_CONVERSION = YES;
				CLANG_WARN_OBJC_ROOT_CLASS = YES_ERROR;
				CLANG_WARN_QUOTED_INCLUDE_IN_FRAMEWORK_HEADER = YES;
				CLANG_WARN_RANGE_LOOP_ANALYSIS = YES;
				CLANG_WARN_STRICT_PROTOTYPES = YES;
				CLANG_WARN_SUSPICIOUS_MOVE = YES;
				CLANG_WARN_UNGUARDED_AVAILABILITY = YES_AGGRESSIVE;
				CLANG_WARN_UNREACHABLE_CODE = YES;
				CLANG_WARN__DUPLICATE_METHOD_MATCH = YES;
				COPY_PHASE_STRIP = NO;
				DEBUG_INFORMATION_FORMAT = dwarf;
				ENABLE_STRICT_OBJC_MSGSEND = YES;
				ENABLE_TESTABILITY = YES;
				ENABLE_USER_SCRIPT_SANDBOXING = YES;
				GCC_C_LANGUAGE_STANDARD = gnu17;
				GCC_DYNAMIC_NO_PIC = NO;
				GCC_NO_COMMON_BLOCKS = YES;
				GCC_OPTIMIZATION_LEVEL = 0;
				GCC_PREPROCESSOR_DEFINITIONS = (
					"DEBUG=1",
					"$(inherited)",
				);
				GCC_WARN_64_TO_32_BIT_CONVERSION = YES;
				GCC_WARN_ABOUT_RETURN_TYPE = YES_ERROR;
				GCC_WARN_UNDECLARED_SELECTOR = YES;
				GCC_WARN_UNINITIALIZED_AUTOS = YES_AGGRESSIVE;
				GCC_WARN_UNUSED_FUNCTION = YES;
				GCC_WARN_UNUSED_VARIABLE = YES;
				IPHONEOS_DEPLOYMENT_TARGET = 17.5;
				LOCALIZATION_PREFERS_STRING_CATALOGS = YES;
				MTL_ENABLE_DEBUG_INFO = INCLUDE_SOURCE;
				MTL_FAST_MATH = YES;
				ONLY_ACTIVE_ARCH = YES;
				SDKROOT = iphoneos;
				SWIFT_ACTIVE_COMPILATION_CONDITIONS = "DEBUG $(inherited)";
				SWIFT_OPTIMIZATION_LEVEL = "-Onone";
			};
			name = Debug;
		};
		51399BD72C64E26A00718610 /* Release */ = {
			isa = XCBuildConfiguration;
			buildSettings = {
				ALWAYS_SEARCH_USER_PATHS = NO;
				ASSETCATALOG_COMPILER_GENERATE_SWIFT_ASSET_SYMBOL_EXTENSIONS = YES;
				CLANG_ANALYZER_NONNULL = YES;
				CLANG_ANALYZER_NUMBER_OBJECT_CONVERSION = YES_AGGRESSIVE;
				CLANG_CXX_LANGUAGE_STANDARD = "gnu++20";
				CLANG_ENABLE_MODULES = YES;
				CLANG_ENABLE_OBJC_ARC = YES;
				CLANG_ENABLE_OBJC_WEAK = YES;
				CLANG_WARN_BLOCK_CAPTURE_AUTORELEASING = YES;
				CLANG_WARN_BOOL_CONVERSION = YES;
				CLANG_WARN_COMMA = YES;
				CLANG_WARN_CONSTANT_CONVERSION = YES;
				CLANG_WARN_DEPRECATED_OBJC_IMPLEMENTATIONS = YES;
				CLANG_WARN_DIRECT_OBJC_ISA_USAGE = YES_ERROR;
				CLANG_WARN_DOCUMENTATION_COMMENTS = YES;
				CLANG_WARN_EMPTY_BODY = YES;
				CLANG_WARN_ENUM_CONVERSION = YES;
				CLANG_WARN_INFINITE_RECURSION = YES;
				CLANG_WARN_INT_CONVERSION = YES;
				CLANG_WARN_NON_LITERAL_NULL_CONVERSION = YES;
				CLANG_WARN_OBJC_IMPLICIT_RETAIN_SELF = YES;
				CLANG_WARN_OBJC_LITERAL_CONVERSION = YES;
				CLANG_WARN_OBJC_ROOT_CLASS = YES_ERROR;
				CLANG_WARN_QUOTED_INCLUDE_IN_FRAMEWORK_HEADER = YES;
				CLANG_WARN_RANGE_LOOP_ANALYSIS = YES;
				CLANG_WARN_STRICT_PROTOTYPES = YES;
				CLANG_WARN_SUSPICIOUS_MOVE = YES;
				CLANG_WARN_UNGUARDED_AVAILABILITY = YES_AGGRESSIVE;
				CLANG_WARN_UNREACHABLE_CODE = YES;
				CLANG_WARN__DUPLICATE_METHOD_MATCH = YES;
				COPY_PHASE_STRIP = NO;
				DEBUG_INFORMATION_FORMAT = "dwarf-with-dsym";
				ENABLE_NS_ASSERTIONS = NO;
				ENABLE_STRICT_OBJC_MSGSEND = YES;
				ENABLE_USER_SCRIPT_SANDBOXING = YES;
				GCC_C_LANGUAGE_STANDARD = gnu17;
				GCC_NO_COMMON_BLOCKS = YES;
				GCC_WARN_64_TO_32_BIT_CONVERSION = YES;
				GCC_WARN_ABOUT_RETURN_TYPE = YES_ERROR;
				GCC_WARN_UNDECLARED_SELECTOR = YES;
				GCC_WARN_UNINITIALIZED_AUTOS = YES_AGGRESSIVE;
				GCC_WARN_UNUSED_FUNCTION = YES;
				GCC_WARN_UNUSED_VARIABLE = YES;
				IPHONEOS_DEPLOYMENT_TARGET = 17.5;
				LOCALIZATION_PREFERS_STRING_CATALOGS = YES;
				MTL_ENABLE_DEBUG_INFO = NO;
				MTL_FAST_MATH = YES;
				SDKROOT = iphoneos;
				SWIFT_COMPILATION_MODE = wholemodule;
				VALIDATE_PRODUCT = YES;
			};
			name = Release;
		};
		51399BD92C64E26A00718610 /* Debug */ = {
			isa = XCBuildConfiguration;
			buildSettings = {
				ASSETCATALOG_COMPILER_APPICON_NAME = AppIcon;
				ASSETCATALOG_COMPILER_GLOBAL_ACCENT_COLOR_NAME = AccentColor;
				CODE_SIGN_STYLE = Automatic;
				CURRENT_PROJECT_VERSION = 1;
				DEVELOPMENT_ASSET_PATHS = "\"ExpenseTracker/Preview Content\"";
				DEVELOPMENT_TEAM = HU33Y7QKW5;
				ENABLE_PREVIEWS = YES;
				GENERATE_INFOPLIST_FILE = YES;
				INFOPLIST_KEY_UIApplicationSceneManifest_Generation = YES;
				INFOPLIST_KEY_UIApplicationSupportsIndirectInputEvents = YES;
				INFOPLIST_KEY_UILaunchScreen_Generation = YES;
				INFOPLIST_KEY_UISupportedInterfaceOrientations_iPad = "UIInterfaceOrientationPortrait UIInterfaceOrientationPortraitUpsideDown UIInterfaceOrientationLandscapeLeft UIInterfaceOrientationLandscapeRight";
				INFOPLIST_KEY_UISupportedInterfaceOrientations_iPhone = "UIInterfaceOrientationPortrait UIInterfaceOrientationLandscapeLeft UIInterfaceOrientationLandscapeRight";
				LD_RUNPATH_SEARCH_PATHS = (
					"$(inherited)",
					"@executable_path/Frameworks",
				);
				MARKETING_VERSION = 1.0;
				PRODUCT_BUNDLE_IDENTIFIER = "jay-darhk.ExpenseTracker";
				PRODUCT_NAME = "$(TARGET_NAME)";
				SWIFT_EMIT_LOC_STRINGS = YES;
				SWIFT_VERSION = 5.0;
				TARGETED_DEVICE_FAMILY = "1,2";
			};
			name = Debug;
		};
		51399BDA2C64E26A00718610 /* Release */ = {
			isa = XCBuildConfiguration;
			buildSettings = {
				ASSETCATALOG_COMPILER_APPICON_NAME = AppIcon;
				ASSETCATALOG_COMPILER_GLOBAL_ACCENT_COLOR_NAME = AccentColor;
				CODE_SIGN_STYLE = Automatic;
				CURRENT_PROJECT_VERSION = 1;
				DEVELOPMENT_ASSET_PATHS = "\"ExpenseTracker/Preview Content\"";
				DEVELOPMENT_TEAM = HU33Y7QKW5;
				ENABLE_PREVIEWS = YES;
				GENERATE_INFOPLIST_FILE = YES;
				INFOPLIST_KEY_UIApplicationSceneManifest_Generation = YES;
				INFOPLIST_KEY_UIApplicationSupportsIndirectInputEvents = YES;
				INFOPLIST_KEY_UILaunchScreen_Generation = YES;
				INFOPLIST_KEY_UISupportedInterfaceOrientations_iPad = "UIInterfaceOrientationPortrait UIInterfaceOrientationPortraitUpsideDown UIInterfaceOrientationLandscapeLeft UIInterfaceOrientationLandscapeRight";
				INFOPLIST_KEY_UISupportedInterfaceOrientations_iPhone = "UIInterfaceOrientationPortrait UIInterfaceOrientationLandscapeLeft UIInterfaceOrientationLandscapeRight";
				LD_RUNPATH_SEARCH_PATHS = (
					"$(inherited)",
					"@executable_path/Frameworks",
				);
				MARKETING_VERSION = 1.0;
				PRODUCT_BUNDLE_IDENTIFIER = "jay-darhk.ExpenseTracker";
				PRODUCT_NAME = "$(TARGET_NAME)";
				SWIFT_EMIT_LOC_STRINGS = YES;
				SWIFT_VERSION = 5.0;
				TARGETED_DEVICE_FAMILY = "1,2";
			};
			name = Release;
		};
/* End XCBuildConfiguration section */

/* Begin XCConfigurationList section */
		51399BC52C64E26800718610 /* Build configuration list for PBXProject "ExpenseTracker" */ = {
			isa = XCConfigurationList;
			buildConfigurations = (
				51399BD62C64E26A00718610 /* Debug */,
				51399BD72C64E26A00718610 /* Release */,
			);
			defaultConfigurationIsVisible = 0;
			defaultConfigurationName = Release;
		};
		51399BD82C64E26A00718610 /* Build configuration list for PBXNativeTarget "ExpenseTracker" */ = {
			isa = XCConfigurationList;
			buildConfigurations = (
				51399BD92C64E26A00718610 /* Debug */,
				51399BDA2C64E26A00718610 /* Release */,
			);
			defaultConfigurationIsVisible = 0;
			defaultConfigurationName = Release;
		};
/* End XCConfigurationList section */
	};
	rootObject = 51399BC22C64E26800718610 /* Project object */;
}
